
Microsoft Visual Studio Solution File, Format Version 12.00
# Visual Studio Version 16
VisualStudioVersion = 16.0.31105.61
MinimumVisualStudioVersion = 10.0.40219.1
Project("{9A19103F-16F7-4668-BE54-9A1E7A4F7556}") = "TCPServer", "TCPServer\TCPServer.csproj", "{498D08AE-2802-4C0F-94DC-43288AC368EA}"
EndProject
Global
	GlobalSection(SolutionConfigurationPlatforms) = preSolution
		Debug|Any CPU = Debug|Any CPU
		Release|Any CPU = Release|Any CPU
	EndGlobalSection
	GlobalSection(ProjectConfigurationPlatforms) = postSolution
		{498D08AE-2802-4C0F-94DC-43288AC368EA}.Debug|Any CPU.ActiveCfg = Debug|Any CPU
		{498D08AE-2802-4C0F-94DC-43288AC368EA}.Debug|Any CPU.Build.0 = Debug|Any CPU
		{498D08AE-2802-4C0F-94DC-43288AC368EA}.Release|Any CPU.ActiveCfg = Release|Any CPU
		{498D08AE-2802-4C0F-94DC-43288AC368EA}.Release|Any CPU.Build.0 = Release|Any CPU
	EndGlobalSection
	GlobalSection(SolutionProperties) = preSolution
		HideSolutionNode = FALSE
	EndGlobalSection
	GlobalSection(ExtensibilityGlobals) = postSolution
		SolutionGuid = {49FADF7C-657E-4378-BC28-29E7DE146273}
	EndGlobalSection
EndGlobal
